// !$*UTF8*$!
{
	archiveVersion = 1;
	classes = {
	};
	objectVersion = 48;
	objects = {

/* Begin PBXBuildFile section */
		33BD157E1FBD44B600F07328 /* AppDelegate.swift in Sources */ = {isa = PBXBuildFile; fileRef = 33BD157D1FBD44B600F07328 /* AppDelegate.swift */; };
		33BD15831FBD44B600F07328 /* Main.storyboard in Resources */ = {isa = PBXBuildFile; fileRef = 33BD15811FBD44B600F07328 /* Main.storyboard */; };
		33BD15851FBD44B600F07328 /* Assets.xcassets in Resources */ = {isa = PBXBuildFile; fileRef = 33BD15841FBD44B600F07328 /* Assets.xcassets */; };
		33BD15881FBD44B600F07328 /* LaunchScreen.storyboard in Resources */ = {isa = PBXBuildFile; fileRef = 33BD15861FBD44B600F07328 /* LaunchScreen.storyboard */; };
		33BD15931FBD44B600F07328 /* FlicksTests.swift in Sources */ = {isa = PBXBuildFile; fileRef = 33BD15921FBD44B600F07328 /* FlicksTests.swift */; };
		33BD159E1FBD44B600F07328 /* FlicksUITests.swift in Sources */ = {isa = PBXBuildFile; fileRef = 33BD159D1FBD44B600F07328 /* FlicksUITests.swift */; };
		33BD15AC1FBD47F700F07328 /* NowPlayingViewController.swift in Sources */ = {isa = PBXBuildFile; fileRef = 33BD15AB1FBD47F700F07328 /* NowPlayingViewController.swift */; };
		33BD15AF1FBD570000F07328 /* MovieCell.swift in Sources */ = {isa = PBXBuildFile; fileRef = 33BD15AE1FBD570000F07328 /* MovieCell.swift */; };
/* End PBXBuildFile section */

/* Begin PBXContainerItemProxy section */
		33BD158F1FBD44B600F07328 /* PBXContainerItemProxy */ = {
			isa = PBXContainerItemProxy;
			containerPortal = 33BD15721FBD44B600F07328 /* Project object */;
			proxyType = 1;
			remoteGlobalIDString = 33BD15791FBD44B600F07328;
			remoteInfo = Flicks;
		};
		33BD159A1FBD44B600F07328 /* PBXContainerItemProxy */ = {
			isa = PBXContainerItemProxy;
			containerPortal = 33BD15721FBD44B600F07328 /* Project object */;
			proxyType = 1;
			remoteGlobalIDString = 33BD15791FBD44B600F07328;
			remoteInfo = Flicks;
		};
/* End PBXContainerItemProxy section */

/* Begin PBXFileReference section */
		33BD157A1FBD44B600F07328 /* Flicks.app */ = {isa = PBXFileReference; explicitFileType = wrapper.application; includeInIndex = 0; path = Flicks.app; sourceTree = BUILT_PRODUCTS_DIR; };
		33BD157D1FBD44B600F07328 /* AppDelegate.swift */ = {isa = PBXFileReference; lastKnownFileType = sourcecode.swift; path = AppDelegate.swift; sourceTree = "<group>"; };
		33BD15821FBD44B600F07328 /* Base */ = {isa = PBXFileReference; lastKnownFileType = file.storyboard; name = Base; path = Base.lproj/Main.storyboard; sourceTree = "<group>"; };
		33BD15841FBD44B600F07328 /* Assets.xcassets */ = {isa = PBXFileReference; lastKnownFileType = folder.assetcatalog; path = Assets.xcassets; sourceTree = "<group>"; };
		33BD15871FBD44B600F07328 /* Base */ = {isa = PBXFileReference; lastKnownFileType = file.storyboard; name = Base; path = Base.lproj/LaunchScreen.storyboard; sourceTree = "<group>"; };
		33BD15891FBD44B600F07328 /* Info.plist */ = {isa = PBXFileReference; lastKnownFileType = text.plist.xml; path = Info.plist; sourceTree = "<group>"; };
		33BD158E1FBD44B600F07328 /* FlicksTests.xctest */ = {isa = PBXFileReference; explicitFileType = wrapper.cfbundle; includeInIndex = 0; path = FlicksTests.xctest; sourceTree = BUILT_PRODUCTS_DIR; };
		33BD15921FBD44B600F07328 /* FlicksTests.swift */ = {isa = PBXFileReference; lastKnownFileType = sourcecode.swift; path = FlicksTests.swift; sourceTree = "<group>"; };
		33BD15941FBD44B600F07328 /* Info.plist */ = {isa = PBXFileReference; lastKnownFileType = text.plist.xml; path = Info.plist; sourceTree = "<group>"; };
		33BD15991FBD44B600F07328 /* FlicksUITests.xctest */ = {isa = PBXFileReference; explicitFileType = wrapper.cfbundle; includeInIndex = 0; path = FlicksUITests.xctest; sourceTree = BUILT_PRODUCTS_DIR; };
		33BD159D1FBD44B600F07328 /* FlicksUITests.swift */ = {isa = PBXFileReference; lastKnownFileType = sourcecode.swift; path = FlicksUITests.swift; sourceTree = "<group>"; };
		33BD159F1FBD44B600F07328 /* Info.plist */ = {isa = PBXFileReference; lastKnownFileType = text.plist.xml; path = Info.plist; sourceTree = "<group>"; };
		33BD15AB1FBD47F700F07328 /* NowPlayingViewController.swift */ = {isa = PBXFileReference; lastKnownFileType = sourcecode.swift; path = NowPlayingViewController.swift; sourceTree = "<group>"; };
		33BD15AE1FBD570000F07328 /* MovieCell.swift */ = {isa = PBXFileReference; lastKnownFileType = sourcecode.swift; path = MovieCell.swift; sourceTree = "<group>"; };
/* End PBXFileReference section */

/* Begin PBXFrameworksBuildPhase section */
		33BD15771FBD44B600F07328 /* Frameworks */ = {
			isa = PBXFrameworksBuildPhase;
			buildActionMask = 2147483647;
			files = (
			);
			runOnlyForDeploymentPostprocessing = 0;
		};
		33BD158B1FBD44B600F07328 /* Frameworks */ = {
			isa = PBXFrameworksBuildPhase;
			buildActionMask = 2147483647;
			files = (
			);
			runOnlyForDeploymentPostprocessing = 0;
		};
		33BD15961FBD44B600F07328 /* Frameworks */ = {
			isa = PBXFrameworksBuildPhase;
			buildActionMask = 2147483647;
			files = (
			);
			runOnlyForDeploymentPostprocessing = 0;
		};
/* End PBXFrameworksBuildPhase section */

/* Begin PBXGroup section */
		33BD15711FBD44B600F07328 = {
			isa = PBXGroup;
			children = (
				33BD157C1FBD44B600F07328 /* Flicks */,
				33BD15911FBD44B600F07328 /* FlicksTests */,
				33BD159C1FBD44B600F07328 /* FlicksUITests */,
				33BD157B1FBD44B600F07328 /* Products */,
			);
			sourceTree = "<group>";
		};
		33BD157B1FBD44B600F07328 /* Products */ = {
			isa = PBXGroup;
			children = (
				33BD157A1FBD44B600F07328 /* Flicks.app */,
				33BD158E1FBD44B600F07328 /* FlicksTests.xctest */,
				33BD15991FBD44B600F07328 /* FlicksUITests.xctest */,
			);
			name = Products;
			sourceTree = "<group>";
		};
		33BD157C1FBD44B600F07328 /* Flicks */ = {
			isa = PBXGroup;
			children = (
				33BD157D1FBD44B600F07328 /* AppDelegate.swift */,
				33BD15AB1FBD47F700F07328 /* NowPlayingViewController.swift */,
				33BD15811FBD44B600F07328 /* Main.storyboard */,
				33BD15841FBD44B600F07328 /* Assets.xcassets */,
				33BD15861FBD44B600F07328 /* LaunchScreen.storyboard */,
				33BD15891FBD44B600F07328 /* Info.plist */,
				33BD15AE1FBD570000F07328 /* MovieCell.swift */,
			);
			path = Flicks;
			sourceTree = "<group>";
		};
		33BD15911FBD44B600F07328 /* FlicksTests */ = {
			isa = PBXGroup;
			children = (
				33BD15921FBD44B600F07328 /* FlicksTests.swift */,
				33BD15941FBD44B600F07328 /* Info.plist */,
			);
			path = FlicksTests;
			sourceTree = "<group>";
		};
		33BD159C1FBD44B600F07328 /* FlicksUITests */ = {
			isa = PBXGroup;
			children = (
				33BD159D1FBD44B600F07328 /* FlicksUITests.swift */,
				33BD159F1FBD44B600F07328 /* Info.plist */,
			);
			path = FlicksUITests;
			sourceTree = "<group>";
		};
/* End PBXGroup section */

/* Begin PBXNativeTarget section */
		33BD15791FBD44B600F07328 /* Flicks */ = {
			isa = PBXNativeTarget;
			buildConfigurationList = 33BD15A21FBD44B600F07328 /* Build configuration list for PBXNativeTarget "Flicks" */;
			buildPhases = (
				33BD15761FBD44B600F07328 /* Sources */,
				33BD15771FBD44B600F07328 /* Frameworks */,
				33BD15781FBD44B600F07328 /* Resources */,
			);
			buildRules = (
			);
			dependencies = (
			);
			name = Flicks;
			productName = Flicks;
			productReference = 33BD157A1FBD44B600F07328 /* Flicks.app */;
			productType = "com.apple.product-type.application";
		};
		33BD158D1FBD44B600F07328 /* FlicksTests */ = {
			isa = PBXNativeTarget;
			buildConfigurationList = 33BD15A51FBD44B600F07328 /* Build configuration list for PBXNativeTarget "FlicksTests" */;
			buildPhases = (
				33BD158A1FBD44B600F07328 /* Sources */,
				33BD158B1FBD44B600F07328 /* Frameworks */,
				33BD158C1FBD44B600F07328 /* Resources */,
			);
			buildRules = (
			);
			dependencies = (
				33BD15901FBD44B600F07328 /* PBXTargetDependency */,
			);
			name = FlicksTests;
			productName = FlicksTests;
			productReference = 33BD158E1FBD44B600F07328 /* FlicksTests.xctest */;
			productType = "com.apple.product-type.bundle.unit-test";
		};
		33BD15981FBD44B600F07328 /* FlicksUITests */ = {
			isa = PBXNativeTarget;
			buildConfigurationList = 33BD15A81FBD44B600F07328 /* Build configuration list for PBXNativeTarget "FlicksUITests" */;
			buildPhases = (
				33BD15951FBD44B600F07328 /* Sources */,
				33BD15961FBD44B600F07328 /* Frameworks */,
				33BD15971FBD44B600F07328 /* Resources */,
			);
			buildRules = (
			);
			dependencies = (
				33BD159B1FBD44B600F07328 /* PBXTargetDependency */,
			);
			name = FlicksUITests;
			productName = FlicksUITests;
			productReference = 33BD15991FBD44B600F07328 /* FlicksUITests.xctest */;
			productType = "com.apple.product-type.bundle.ui-testing";
		};
/* End PBXNativeTarget section */

/* Begin PBXProject section */
		33BD15721FBD44B600F07328 /* Project object */ = {
			isa = PBXProject;
			attributes = {
				LastSwiftUpdateCheck = 0910;
				LastUpgradeCheck = 0910;
				ORGANIZATIONNAME = "Vinnie Chen";
				TargetAttributes = {
					33BD15791FBD44B600F07328 = {
						CreatedOnToolsVersion = 9.1;
						ProvisioningStyle = Automatic;
					};
					33BD158D1FBD44B600F07328 = {
						CreatedOnToolsVersion = 9.1;
						ProvisioningStyle = Automatic;
						TestTargetID = 33BD15791FBD44B600F07328;
					};
					33BD15981FBD44B600F07328 = {
						CreatedOnToolsVersion = 9.1;
						ProvisioningStyle = Automatic;
						TestTargetID = 33BD15791FBD44B600F07328;
					};
				};
			};
			buildConfigurationList = 33BD15751FBD44B600F07328 /* Build configuration list for PBXProject "Flicks" */;
			compatibilityVersion = "Xcode 8.0";
			developmentRegion = en;
			hasScannedForEncodings = 0;
			knownRegions = (
				en,
				Base,
			);
			mainGroup = 33BD15711FBD44B600F07328;
			productRefGroup = 33BD157B1FBD44B600F07328 /* Products */;
			projectDirPath = "";
			projectRoot = "";
			targets = (
				33BD15791FBD44B600F07328 /* Flicks */,
				33BD158D1FBD44B600F07328 /* FlicksTests */,
				33BD15981FBD44B600F07328 /* FlicksUITests */,
			);
		};
/* End PBXProject section */

/* Begin PBXResourcesBuildPhase section */
		33BD15781FBD44B600F07328 /* Resources */ = {
			isa = PBXResourcesBuildPhase;
			buildActionMask = 2147483647;
			files = (
				33BD15881FBD44B600F07328 /* LaunchScreen.storyboard in Resources */,
				33BD15851FBD44B600F07328 /* Assets.xcassets in Resources */,
				33BD15831FBD44B600F07328 /* Main.storyboard in Resources */,
			);
			runOnlyForDeploymentPostprocessing = 0;
		};
		33BD158C1FBD44B600F07328 /* Resources */ = {
			isa = PBXResourcesBuildPhase;
			buildActionMask = 2147483647;
			files = (
			);
			runOnlyForDeploymentPostprocessing = 0;
		};
		33BD15971FBD44B600F07328 /* Resources */ = {
			isa = PBXResourcesBuildPhase;
			buildActionMask = 2147483647;
			files = (
			);
			runOnlyForDeploymentPostprocessing = 0;
		};
/* End PBXResourcesBuildPhase section */

/* Begin PBXSourcesBuildPhase section */
		33BD15761FBD44B600F07328 /* Sources */ = {
			isa = PBXSourcesBuildPhase;
			buildActionMask = 2147483647;
			files = (
				33BD15AC1FBD47F700F07328 /* NowPlayingViewController.swift in Sources */,
				33BD157E1FBD44B600F07328 /* AppDelegate.swift in Sources */,
				33BD15AF1FBD570000F07328 /* MovieCell.swift in Sources */,
			);
			runOnlyForDeploymentPostprocessing = 0;
		};
		33BD158A1FBD44B600F07328 /* Sources */ = {
			isa = PBXSourcesBuildPhase;
			buildActionMask = 2147483647;
			files = (
				33BD15931FBD44B600F07328 /* FlicksTests.swift in Sources */,
			);
			runOnlyForDeploymentPostprocessing = 0;
		};
		33BD15951FBD44B600F07328 /* Sources */ = {
			isa = PBXSourcesBuildPhase;
			buildActionMask = 2147483647;
			files = (
				33BD159E1FBD44B600F07328 /* FlicksUITests.swift in Sources */,
			);
			runOnlyForDeploymentPostprocessing = 0;
		};
/* End PBXSourcesBuildPhase section */

/* Begin PBXTargetDependency section */
		33BD15901FBD44B600F07328 /* PBXTargetDependency */ = {
			isa = PBXTargetDependency;
			target = 33BD15791FBD44B600F07328 /* Flicks */;
			targetProxy = 33BD158F1FBD44B600F07328 /* PBXContainerItemProxy */;
		};
		33BD159B1FBD44B600F07328 /* PBXTargetDependency */ = {
			isa = PBXTargetDependency;
			target = 33BD15791FBD44B600F07328 /* Flicks */;
			targetProxy = 33BD159A1FBD44B600F07328 /* PBXContainerItemProxy */;
		};
/* End PBXTargetDependency section */

/* Begin PBXVariantGroup section */
		33BD15811FBD44B600F07328 /* Main.storyboard */ = {
			isa = PBXVariantGroup;
			children = (
				33BD15821FBD44B600F07328 /* Base */,
			);
			name = Main.storyboard;
			sourceTree = "<group>";
		};
		33BD15861FBD44B600F07328 /* LaunchScreen.storyboard */ = {
			isa = PBXVariantGroup;
			children = (
				33BD15871FBD44B600F07328 /* Base */,
			);
			name = LaunchScreen.storyboard;
			sourceTree = "<group>";
		};
/* End PBXVariantGroup section */

/* Begin XCBuildConfiguration section */
		33BD15A01FBD44B600F07328 /* Debug */ = {
			isa = XCBuildConfiguration;
			buildSettings = {
				ALWAYS_SEARCH_USER_PATHS = NO;
				CLANG_ANALYZER_NONNULL = YES;
				CLANG_ANALYZER_NUMBER_OBJECT_CONVERSION = YES_AGGRESSIVE;
				CLANG_CXX_LANGUAGE_STANDARD = "gnu++14";
				CLANG_CXX_LIBRARY = "libc++";
				CLANG_ENABLE_MODULES = YES;
				CLANG_ENABLE_OBJC_ARC = YES;
				CLANG_WARN_BLOCK_CAPTURE_AUTORELEASING = YES;
				CLANG_WARN_BOOL_CONVERSION = YES;
				CLANG_WARN_COMMA = YES;
				CLANG_WARN_CONSTANT_CONVERSION = YES;
				CLANG_WARN_DIRECT_OBJC_ISA_USAGE = YES_ERROR;
				CLANG_WARN_DOCUMENTATION_COMMENTS = YES;
				CLANG_WARN_EMPTY_BODY = YES;
				CLANG_WARN_ENUM_CONVERSION = YES;
				CLANG_WARN_INFINITE_RECURSION = YES;
				CLANG_WARN_INT_CONVERSION = YES;
				CLANG_WARN_NON_LITERAL_NULL_CONVERSION = YES;
				CLANG_WARN_OBJC_LITERAL_CONVERSION = YES;
				CLANG_WARN_OBJC_ROOT_CLASS = YES_ERROR;
				CLANG_WARN_RANGE_LOOP_ANALYSIS = YES;
				CLANG_WARN_STRICT_PROTOTYPES = YES;
				CLANG_WARN_SUSPICIOUS_MOVE = YES;
				CLANG_WARN_UNGUARDED_AVAILABILITY = YES_AGGRESSIVE;
				CLANG_WARN_UNREACHABLE_CODE = YES;
				CLANG_WARN__DUPLICATE_METHOD_MATCH = YES;
				CODE_SIGN_IDENTITY = "iPhone Developer";
				COPY_PHASE_STRIP = NO;
				DEBUG_INFORMATION_FORMAT = dwarf;
				ENABLE_STRICT_OBJC_MSGSEND = YES;
				ENABLE_TESTABILITY = YES;
				GCC_C_LANGUAGE_STANDARD = gnu11;
				GCC_DYNAMIC_NO_PIC = NO;
				GCC_NO_COMMON_BLOCKS = YES;
				GCC_OPTIMIZATION_LEVEL = 0;
				GCC_PREPROCESSOR_DEFINITIONS = (
					"DEBUG=1",
					"$(inherited)",
				);
				GCC_WARN_64_TO_32_BIT_CONVERSION = YES;
				GCC_WARN_ABOUT_RETURN_TYPE = YES_ERROR;
				GCC_WARN_UNDECLARED_SELECTOR = YES;
				GCC_WARN_UNINITIALIZED_AUTOS = YES_AGGRESSIVE;
				GCC_WARN_UNUSED_FUNCTION = YES;
				GCC_WARN_UNUSED_VARIABLE = YES;
				IPHONEOS_DEPLOYMENT_TARGET = 11.1;
				MTL_ENABLE_DEBUG_INFO = YES;
				ONLY_ACTIVE_ARCH = YES;
				SDKROOT = iphoneos;
				SWIFT_ACTIVE_COMPILATION_CONDITIONS = DEBUG;
				SWIFT_OPTIMIZATION_LEVEL = "-Onone";
			};
			name = Debug;
		};
		33BD15A11FBD44B600F07328 /* Release */ = {
			isa = XCBuildConfiguration;
			buildSettings = {
				ALWAYS_SEARCH_USER_PATHS = NO;
				CLANG_ANALYZER_NONNULL = YES;
				CLANG_ANALYZER_NUMBER_OBJECT_CONVERSION = YES_AGGRESSIVE;
				CLANG_CXX_LANGUAGE_STANDARD = "gnu++14";
				CLANG_CXX_LIBRARY = "libc++";
				CLANG_ENABLE_MODULES = YES;
				CLANG_ENABLE_OBJC_ARC = YES;
				CLANG_WARN_BLOCK_CAPTURE_AUTORELEASING = YES;
				CLANG_WARN_BOOL_CONVERSION = YES;
				CLANG_WARN_COMMA = YES;
				CLANG_WARN_CONSTANT_CONVERSION = YES;
				CLANG_WARN_DIRECT_OBJC_ISA_USAGE = YES_ERROR;
				CLANG_WARN_DOCUMENTATION_COMMENTS = YES;
				CLANG_WARN_EMPTY_BODY = YES;
				CLANG_WARN_ENUM_CONVERSION = YES;
				CLANG_WARN_INFINITE_RECURSION = YES;
				CLANG_WARN_INT_CONVERSION = YES;
				CLANG_WARN_NON_LITERAL_NULL_CONVERSION = YES;
				CLANG_WARN_OBJC_LITERAL_CONVERSION = YES;
				CLANG_WARN_OBJC_ROOT_CLASS = YES_ERROR;
				CLANG_WARN_RANGE_LOOP_ANALYSIS = YES;
				CLANG_WARN_STRICT_PROTOTYPES = YES;
				CLANG_WARN_SUSPICIOUS_MOVE = YES;
				CLANG_WARN_UNGUARDED_AVAILABILITY = YES_AGGRESSIVE;
				CLANG_WARN_UNREACHABLE_CODE = YES;
				CLANG_WARN__DUPLICATE_METHOD_MATCH = YES;
				CODE_SIGN_IDENTITY = "iPhone Developer";
				COPY_PHASE_STRIP = NO;
				DEBUG_INFORMATION_FORMAT = "dwarf-with-dsym";
				ENABLE_NS_ASSERTIONS = NO;
				ENABLE_STRICT_OBJC_MSGSEND = YES;
				GCC_C_LANGUAGE_STANDARD = gnu11;
				GCC_NO_COMMON_BLOCKS = YES;
				GCC_WARN_64_TO_32_BIT_CONVERSION = YES;
				GCC_WARN_ABOUT_RETURN_TYPE = YES_ERROR;
				GCC_WARN_UNDECLARED_SELECTOR = YES;
				GCC_WARN_UNINITIALIZED_AUTOS = YES_AGGRESSIVE;
				GCC_WARN_UNUSED_FUNCTION = YES;
				GCC_WARN_UNUSED_VARIABLE = YES;
				IPHONEOS_DEPLOYMENT_TARGET = 11.1;
				MTL_ENABLE_DEBUG_INFO = NO;
				SDKROOT = iphoneos;
				SWIFT_OPTIMIZATION_LEVEL = "-Owholemodule";
				VALIDATE_PRODUCT = YES;
			};
			name = Release;
		};
		33BD15A31FBD44B600F07328 /* Debug */ = {
			isa = XCBuildConfiguration;
			buildSettings = {
				ASSETCATALOG_COMPILER_APPICON_NAME = AppIcon;
				CODE_SIGN_STYLE = Automatic;
				DEVELOPMENT_TEAM = Y2ZU24E3BN;
				INFOPLIST_FILE = Flicks/Info.plist;
				LD_RUNPATH_SEARCH_PATHS = "$(inherited) @executable_path/Frameworks";
				PRODUCT_BUNDLE_IDENTIFIER = Vinnie.Flicks;
				PRODUCT_NAME = "$(TARGET_NAME)";
				SWIFT_VERSION = 4.0;
				TARGETED_DEVICE_FAMILY = "1,2";
			};
			name = Debug;
		};
		33BD15A41FBD44B600F07328 /* Release */ = {
			isa = XCBuildConfiguration;
			buildSettings = {
				ASSETCATALOG_COMPILER_APPICON_NAME = AppIcon;
				CODE_SIGN_STYLE = Automatic;
				DEVELOPMENT_TEAM = Y2ZU24E3BN;
				INFOPLIST_FILE = Flicks/Info.plist;
				LD_RUNPATH_SEARCH_PATHS = "$(inherited) @executable_path/Frameworks";
				PRODUCT_BUNDLE_IDENTIFIER = Vinnie.Flicks;
				PRODUCT_NAME = "$(TARGET_NAME)";
				SWIFT_VERSION = 4.0;
				TARGETED_DEVICE_FAMILY = "1,2";
			};
			name = Release;
		};
		33BD15A61FBD44B600F07328 /* Debug */ = {
			isa = XCBuildConfiguration;
			buildSettings = {
				ALWAYS_EMBED_SWIFT_STANDARD_LIBRARIES = YES;
				BUNDLE_LOADER = "$(TEST_HOST)";
				CODE_SIGN_STYLE = Automatic;
				DEVELOPMENT_TEAM = Y2ZU24E3BN;
				INFOPLIST_FILE = FlicksTests/Info.plist;
				LD_RUNPATH_SEARCH_PATHS = "$(inherited) @executable_path/Frameworks @loader_path/Frameworks";
				PRODUCT_BUNDLE_IDENTIFIER = Vinnie.FlicksTests;
				PRODUCT_NAME = "$(TARGET_NAME)";
				SWIFT_VERSION = 4.0;
				TARGETED_DEVICE_FAMILY = "1,2";
				TEST_HOST = "$(BUILT_PRODUCTS_DIR)/Flicks.app/Flicks";
			};
			name = Debug;
		};
		33BD15A71FBD44B600F07328 /* Release */ = {
			isa = XCBuildConfiguration;
			buildSettings = {
				ALWAYS_EMBED_SWIFT_STANDARD_LIBRARIES = YES;
				BUNDLE_LOADER = "$(TEST_HOST)";
				CODE_SIGN_STYLE = Automatic;
				DEVELOPMENT_TEAM = Y2ZU24E3BN;
				INFOPLIST_FILE = FlicksTests/Info.plist;
				LD_RUNPATH_SEARCH_PATHS = "$(inherited) @executable_path/Frameworks @loader_path/Frameworks";
				PRODUCT_BUNDLE_IDENTIFIER = Vinnie.FlicksTests;
				PRODUCT_NAME = "$(TARGET_NAME)";
				SWIFT_VERSION = 4.0;
				TARGETED_DEVICE_FAMILY = "1,2";
				TEST_HOST = "$(BUILT_PRODUCTS_DIR)/Flicks.app/Flicks";
			};
			name = Release;
		};
		33BD15A91FBD44B600F07328 /* Debug */ = {
			isa = XCBuildConfiguration;
			buildSettings = {
				ALWAYS_EMBED_SWIFT_STANDARD_LIBRARIES = YES;
				CODE_SIGN_STYLE = Automatic;
				DEVELOPMENT_TEAM = Y2ZU24E3BN;
				INFOPLIST_FILE = FlicksUITests/Info.plist;
				LD_RUNPATH_SEARCH_PATHS = "$(inherited) @executable_path/Frameworks @loader_path/Frameworks";
				PRODUCT_BUNDLE_IDENTIFIER = Vinnie.FlicksUITests;
				PRODUCT_NAME = "$(TARGET_NAME)";
				SWIFT_VERSION = 4.0;
				TARGETED_DEVICE_FAMILY = "1,2";
				TEST_TARGET_NAME = Flicks;
			};
			name = Debug;
		};
		33BD15AA1FBD44B600F07328 /* Release */ = {
			isa = XCBuildConfiguration;
			buildSettings = {
				ALWAYS_EMBED_SWIFT_STANDARD_LIBRARIES = YES;
				CODE_SIGN_STYLE = Automatic;
				DEVELOPMENT_TEAM = Y2ZU24E3BN;
				INFOPLIST_FILE = FlicksUITests/Info.plist;
				LD_RUNPATH_SEARCH_PATHS = "$(inherited) @executable_path/Frameworks @loader_path/Frameworks";
				PRODUCT_BUNDLE_IDENTIFIER = Vinnie.FlicksUITests;
				PRODUCT_NAME = "$(TARGET_NAME)";
				SWIFT_VERSION = 4.0;
				TARGETED_DEVICE_FAMILY = "1,2";
				TEST_TARGET_NAME = Flicks;
			};
			name = Release;
		};
/* End XCBuildConfiguration section */

/* Begin XCConfigurationList section */
		33BD15751FBD44B600F07328 /* Build configuration list for PBXProject "Flicks" */ = {
			isa = XCConfigurationList;
			buildConfigurations = (
				33BD15A01FBD44B600F07328 /* Debug */,
				33BD15A11FBD44B600F07328 /* Release */,
			);
			defaultConfigurationIsVisible = 0;
			defaultConfigurationName = Release;
		};
		33BD15A21FBD44B600F07328 /* Build configuration list for PBXNativeTarget "Flicks" */ = {
			isa = XCConfigurationList;
			buildConfigurations = (
				33BD15A31FBD44B600F07328 /* Debug */,
				33BD15A41FBD44B600F07328 /* Release */,
			);
			defaultConfigurationIsVisible = 0;
			defaultConfigurationName = Release;
		};
		33BD15A51FBD44B600F07328 /* Build configuration list for PBXNativeTarget "FlicksTests" */ = {
			isa = XCConfigurationList;
			buildConfigurations = (
				33BD15A61FBD44B600F07328 /* Debug */,
				33BD15A71FBD44B600F07328 /* Release */,
			);
			defaultConfigurationIsVisible = 0;
			defaultConfigurationName = Release;
		};
		33BD15A81FBD44B600F07328 /* Build configuration list for PBXNativeTarget "FlicksUITests" */ = {
			isa = XCConfigurationList;
			buildConfigurations = (
				33BD15A91FBD44B600F07328 /* Debug */,
				33BD15AA1FBD44B600F07328 /* Release */,
			);
			defaultConfigurationIsVisible = 0;
			defaultConfigurationName = Release;
		};
/* End XCConfigurationList section */
	};
	rootObject = 33BD15721FBD44B600F07328 /* Project object */;
}
